{
  "version": 4,
  "terraform_version": "1.2.6",
  "serial": 4,
  "lineage": "ca3a8e7e-625c-dd61-4f67-108296a67395",
  "outputs": {
    "file_length": {
      "value": 571,
      "type": "number"
    },
    "full_name": {
      "value": "tf-myResource-a805",
      "type": "string"
    }
  },
  "resources": [
    {
      "mode": "data",
      "type": "local_file",
      "name": "this",
      "provider": "provider[\"registry.terraform.io/hashicorp/local\"]",
      "instances": [
        {
          "schema_version": 0,
          "attributes": {
            "content": "variable \"name\" {\n  type    = string\n  default = \"myResource\"\n}\n\nresource \"random_string\" \"slug\" {\n  length = 4\n\n  upper            = false\n  lower            = false\n  numeric          = true\n  special          = true\n  override_special = \"abcdef\"\n}\n\nmodule \"hex\" {\n  source = \"../../modules/hexadecimal\"\n}\n\ndata \"local_file\" \"this\" {\n  filename = \"${path.module}/main.tf\"\n}\n\nlocals {\n  full_name = \"tf-${var.name}-${random_string.slug.result}\"\n}\n\noutput \"full_name\" {\n  value = local.full_name\n}\n\noutput \"file_length\" {\n  value = length(data.local_file.this.content)\n}\n",
            "content_base64": "dmFyaWFibGUgIm5hbWUiIHsKICB0eXBlICAgID0gc3RyaW5nCiAgZGVmYXVsdCA9ICJteVJlc291cmNlIgp9CgpyZXNvdXJjZSAicmFuZG9tX3N0cmluZyIgInNsdWciIHsKICBsZW5ndGggPSA0CgogIHVwcGVyICAgICAgICAgICAgPSBmYWxzZQogIGxvd2VyICAgICAgICAgICAgPSBmYWxzZQogIG51bWVyaWMgICAgICAgICAgPSB0cnVlCiAgc3BlY2lhbCAgICAgICAgICA9IHRydWUKICBvdmVycmlkZV9zcGVjaWFsID0gImFiY2RlZiIKfQoKbW9kdWxlICJoZXgiIHsKICBzb3VyY2UgPSAiLi4vLi4vbW9kdWxlcy9oZXhhZGVjaW1hbCIKfQoKZGF0YSAibG9jYWxfZmlsZSIgInRoaXMiIHsKICBmaWxlbmFtZSA9ICIke3BhdGgubW9kdWxlfS9tYWluLnRmIgp9Cgpsb2NhbHMgewogIGZ1bGxfbmFtZSA9ICJ0Zi0ke3Zhci5uYW1lfS0ke3JhbmRvbV9zdHJpbmcuc2x1Zy5yZXN1bHR9Igp9CgpvdXRwdXQgImZ1bGxfbmFtZSIgewogIHZhbHVlID0gbG9jYWwuZnVsbF9uYW1lCn0KCm91dHB1dCAiZmlsZV9sZW5ndGgiIHsKICB2YWx1ZSA9IGxlbmd0aChkYXRhLmxvY2FsX2ZpbGUudGhpcy5jb250ZW50KQp9Cg==",
            "filename": "./main.tf",
            "id": "47a29cb1fd0dcb1372e201a82d17ddc365927332"
          },
          "sensitive_attributes": []
        }
      ]
    },
    {
      "mode": "managed",
      "type": "random_string",
      "name": "slug",
      "provider": "provider[\"registry.terraform.io/hashicorp/random\"]",
      "instances": [
        {
          "schema_version": 2,
          "attributes": {
            "id": "a805",
            "keepers": null,
            "length": 4,
            "lower": false,
            "min_lower": 0,
            "min_numeric": 0,
            "min_special": 0,
            "min_upper": 0,
            "number": true,
            "numeric": true,
            "override_special": "abcdef",
            "result": "a805",
            "special": true,
            "upper": false
          },
          "sensitive_attributes": []
        }
      ]
    },
    {
      "module": "module.hex",
      "mode": "managed",
      "type": "random_string",
      "name": "this",
      "provider": "provider[\"registry.terraform.io/hashicorp/random\"]",
      "instances": [
        {
          "schema_version": 2,
          "attributes": {
            "id": "b4be46",
            "keepers": null,
            "length": 6,
            "lower": false,
            "min_lower": 0,
            "min_numeric": 0,
            "min_special": 0,
            "min_upper": 0,
            "number": true,
            "numeric": true,
            "override_special": "abcdef",
            "result": "b4be46",
            "special": true,
            "upper": false
          },
          "sensitive_attributes": []
        }
      ]
    }
  ]
}
